
Microsoft Visual Studio Solution File, Format Version 12.00
# Visual Studio 15
VisualStudioVersion = 15.0.28307.539
MinimumVisualStudioVersion = 10.0.40219.1
Project("{FAE04EC0-301F-11D3-BF4B-00C04F79EFBC}") = "ControlTemplateDemo.Android", "ControlTemplateDemo\ControlTemplateDemo.Android\ControlTemplateDemo.Android.csproj", "{B8AD30A0-5868-4C65-A10B-F12BA5CA8DAA}"
EndProject
Project("{FAE04EC0-301F-11D3-BF4B-00C04F79EFBC}") = "ControlTemplateDemo.iOS", "ControlTemplateDemo\ControlTemplateDemo.iOS\ControlTemplateDemo.iOS.csproj", "{ECAA3373-314E-4A59-9754-F1AB1D57FF84}"
EndProject
Project("{FAE04EC0-301F-11D3-BF4B-00C04F79EFBC}") = "ControlTemplateDemo", "ControlTemplateDemo\ControlTemplateDemo\ControlTemplateDemo.csproj", "{F970341D-E196-41B6-9529-D29C75125DF8}"
EndProject
Global
	GlobalSection(SolutionConfigurationPlatforms) = preSolution
		Ad-Hoc|Any CPU = Ad-Hoc|Any CPU
		Ad-Hoc|iPhone = Ad-Hoc|iPhone
		Ad-Hoc|iPhoneSimulator = Ad-Hoc|iPhoneSimulator
		AppStore|Any CPU = AppStore|Any CPU
		AppStore|iPhone = AppStore|iPhone
		AppStore|iPhoneSimulator = AppStore|iPhoneSimulator
		Debug|Any CPU = Debug|Any CPU
		Debug|iPhone = Debug|iPhone
		Debug|iPhoneSimulator = Debug|iPhoneSimulator
		Release|Any CPU = Release|Any CPU
		Release|iPhone = Release|iPhone
		Release|iPhoneSimulator = Release|iPhoneSimulator
	EndGlobalSection
	GlobalSection(ProjectConfigurationPlatforms) = postSolution
		{B8AD30A0-5868-4C65-A10B-F12BA5CA8DAA}.Ad-Hoc|Any CPU.ActiveCfg = Release|Any CPU
		{B8AD30A0-5868-4C65-A10B-F12BA5CA8DAA}.Ad-Hoc|Any CPU.Build.0 = Release|Any CPU
		{B8AD30A0-5868-4C65-A10B-F12BA5CA8DAA}.Ad-Hoc|Any CPU.Deploy.0 = Release|Any CPU
		{B8AD30A0-5868-4C65-A10B-F12BA5CA8DAA}.Ad-Hoc|iPhone.ActiveCfg = Release|Any CPU
		{B8AD30A0-5868-4C65-A10B-F12BA5CA8DAA}.Ad-Hoc|iPhone.Build.0 = Release|Any CPU
		{B8AD30A0-5868-4C65-A10B-F12BA5CA8DAA}.Ad-Hoc|iPhone.Deploy.0 = Release|Any CPU
		{B8AD30A0-5868-4C65-A10B-F12BA5CA8DAA}.Ad-Hoc|iPhoneSimulator.ActiveCfg = Release|Any CPU
		{B8AD30A0-5868-4C65-A10B-F12BA5CA8DAA}.Ad-Hoc|iPhoneSimulator.Build.0 = Release|Any CPU
		{B8AD30A0-5868-4C65-A10B-F12BA5CA8DAA}.Ad-Hoc|iPhoneSimulator.Deploy.0 = Release|Any CPU
		{B8AD30A0-5868-4C65-A10B-F12BA5CA8DAA}.AppStore|Any CPU.ActiveCfg = Release|Any CPU
		{B8AD30A0-5868-4C65-A10B-F12BA5CA8DAA}.AppStore|Any CPU.Build.0 = Release|Any CPU
		{B8AD30A0-5868-4C65-A10B-F12BA5CA8DAA}.AppStore|Any CPU.Deploy.0 = Release|Any CPU
		{B8AD30A0-5868-4C65-A10B-F12BA5CA8DAA}.AppStore|iPhone.ActiveCfg = Release|Any CPU
		{B8AD30A0-5868-4C65-A10B-F12BA5CA8DAA}.AppStore|iPhone.Build.0 = Release|Any CPU
		{B8AD30A0-5868-4C65-A10B-F12BA5CA8DAA}.AppStore|iPhone.Deploy.0 = Release|Any CPU
		{B8AD30A0-5868-4C65-A10B-F12BA5CA8DAA}.AppStore|iPhoneSimulator.ActiveCfg = Release|Any CPU
		{B8AD30A0-5868-4C65-A10B-F12BA5CA8DAA}.AppStore|iPhoneSimulator.Build.0 = Release|Any CPU
		{B8AD30A0-5868-4C65-A10B-F12BA5CA8DAA}.AppStore|iPhoneSimulator.Deploy.0 = Release|Any CPU
		{B8AD30A0-5868-4C65-A10B-F12BA5CA8DAA}.Debug|Any CPU.ActiveCfg = Debug|Any CPU
		{B8AD30A0-5868-4C65-A10B-F12BA5CA8DAA}.Debug|Any CPU.Build.0 = Debug|Any CPU
		{B8AD30A0-5868-4C65-A10B-F12BA5CA8DAA}.Debug|Any CPU.Deploy.0 = Debug|Any CPU
		{B8AD30A0-5868-4C65-A10B-F12BA5CA8DAA}.Debug|iPhone.ActiveCfg = Debug|Any CPU
		{B8AD30A0-5868-4C65-A10B-F12BA5CA8DAA}.Debug|iPhone.Build.0 = Debug|Any CPU
		{B8AD30A0-5868-4C65-A10B-F12BA5CA8DAA}.Debug|iPhone.Deploy.0 = Debug|Any CPU
		{B8AD30A0-5868-4C65-A10B-F12BA5CA8DAA}.Debug|iPhoneSimulator.ActiveCfg = Debug|Any CPU
		{B8AD30A0-5868-4C65-A10B-F12BA5CA8DAA}.Debug|iPhoneSimulator.Build.0 = Debug|Any CPU
		{B8AD30A0-5868-4C65-A10B-F12BA5CA8DAA}.Debug|iPhoneSimulator.Deploy.0 = Debug|Any CPU
		{B8AD30A0-5868-4C65-A10B-F12BA5CA8DAA}.Release|Any CPU.ActiveCfg = Release|Any CPU
		{B8AD30A0-5868-4C65-A10B-F12BA5CA8DAA}.Release|Any CPU.Build.0 = Release|Any CPU
		{B8AD30A0-5868-4C65-A10B-F12BA5CA8DAA}.Release|Any CPU.Deploy.0 = Release|Any CPU
		{B8AD30A0-5868-4C65-A10B-F12BA5CA8DAA}.Release|iPhone.ActiveCfg = Release|Any CPU
		{B8AD30A0-5868-4C65-A10B-F12BA5CA8DAA}.Release|iPhone.Build.0 = Release|Any CPU
		{B8AD30A0-5868-4C65-A10B-F12BA5CA8DAA}.Release|iPhone.Deploy.0 = Release|Any CPU
		{B8AD30A0-5868-4C65-A10B-F12BA5CA8DAA}.Release|iPhoneSimulator.ActiveCfg = Release|Any CPU
		{B8AD30A0-5868-4C65-A10B-F12BA5CA8DAA}.Release|iPhoneSimulator.Build.0 = Release|Any CPU
		{B8AD30A0-5868-4C65-A10B-F12BA5CA8DAA}.Release|iPhoneSimulator.Deploy.0 = Release|Any CPU
		{ECAA3373-314E-4A59-9754-F1AB1D57FF84}.Ad-Hoc|Any CPU.ActiveCfg = Ad-Hoc|iPhone
		{ECAA3373-314E-4A59-9754-F1AB1D57FF84}.Ad-Hoc|Any CPU.Build.0 = Ad-Hoc|iPhone
		{ECAA3373-314E-4A59-9754-F1AB1D57FF84}.Ad-Hoc|Any CPU.Deploy.0 = Ad-Hoc|iPhone
		{ECAA3373-314E-4A59-9754-F1AB1D57FF84}.Ad-Hoc|iPhone.ActiveCfg = Ad-Hoc|iPhone
		{ECAA3373-314E-4A59-9754-F1AB1D57FF84}.Ad-Hoc|iPhone.Build.0 = Ad-Hoc|iPhone
		{ECAA3373-314E-4A59-9754-F1AB1D57FF84}.Ad-Hoc|iPhone.Deploy.0 = Ad-Hoc|iPhone
		{ECAA3373-314E-4A59-9754-F1AB1D57FF84}.Ad-Hoc|iPhoneSimulator.ActiveCfg = Ad-Hoc|iPhoneSimulator
		{ECAA3373-314E-4A59-9754-F1AB1D57FF84}.Ad-Hoc|iPhoneSimulator.Build.0 = Ad-Hoc|iPhoneSimulator
		{ECAA3373-314E-4A59-9754-F1AB1D57FF84}.Ad-Hoc|iPhoneSimulator.Deploy.0 = Ad-Hoc|iPhoneSimulator
		{ECAA3373-314E-4A59-9754-F1AB1D57FF84}.AppStore|Any CPU.ActiveCfg = AppStore|iPhone
		{ECAA3373-314E-4A59-9754-F1AB1D57FF84}.AppStore|Any CPU.Build.0 = AppStore|iPhone
		{ECAA3373-314E-4A59-9754-F1AB1D57FF84}.AppStore|Any CPU.Deploy.0 = AppStore|iPhone
		{ECAA3373-314E-4A59-9754-F1AB1D57FF84}.AppStore|iPhone.ActiveCfg = AppStore|iPhone
		{ECAA3373-314E-4A59-9754-F1AB1D57FF84}.AppStore|iPhone.Build.0 = AppStore|iPhone
		{ECAA3373-314E-4A59-9754-F1AB1D57FF84}.AppStore|iPhone.Deploy.0 = AppStore|iPhone
		{ECAA3373-314E-4A59-9754-F1AB1D57FF84}.AppStore|iPhoneSimulator.ActiveCfg = AppStore|iPhoneSimulator
		{ECAA3373-314E-4A59-9754-F1AB1D57FF84}.AppStore|iPhoneSimulator.Build.0 = AppStore|iPhoneSimulator
		{ECAA3373-314E-4A59-9754-F1AB1D57FF84}.AppStore|iPhoneSimulator.Deploy.0 = AppStore|iPhoneSimulator
		{ECAA3373-314E-4A59-9754-F1AB1D57FF84}.Debug|Any CPU.ActiveCfg = Debug|iPhoneSimulator
		{ECAA3373-314E-4A59-9754-F1AB1D57FF84}.Debug|Any CPU.Build.0 = Debug|iPhoneSimulator
		{ECAA3373-314E-4A59-9754-F1AB1D57FF84}.Debug|Any CPU.Deploy.0 = Debug|iPhoneSimulator
		{ECAA3373-314E-4A59-9754-F1AB1D57FF84}.Debug|iPhone.ActiveCfg = Debug|iPhone
		{ECAA3373-314E-4A59-9754-F1AB1D57FF84}.Debug|iPhone.Build.0 = Debug|iPhone
		{ECAA3373-314E-4A59-9754-F1AB1D57FF84}.Debug|iPhone.Deploy.0 = Debug|iPhone
		{ECAA3373-314E-4A59-9754-F1AB1D57FF84}.Debug|iPhoneSimulator.ActiveCfg = Debug|iPhoneSimulator
		{ECAA3373-314E-4A59-9754-F1AB1D57FF84}.Debug|iPhoneSimulator.Build.0 = Debug|iPhoneSimulator
		{ECAA3373-314E-4A59-9754-F1AB1D57FF84}.Debug|iPhoneSimulator.Deploy.0 = Debug|iPhoneSimulator
		{ECAA3373-314E-4A59-9754-F1AB1D57FF84}.Release|Any CPU.ActiveCfg = Release|iPhone
		{ECAA3373-314E-4A59-9754-F1AB1D57FF84}.Release|Any CPU.Build.0 = Release|iPhone
		{ECAA3373-314E-4A59-9754-F1AB1D57FF84}.Release|Any CPU.Deploy.0 = Release|iPhone
		{ECAA3373-314E-4A59-9754-F1AB1D57FF84}.Release|iPhone.ActiveCfg = Release|iPhone
		{ECAA3373-314E-4A59-9754-F1AB1D57FF84}.Release|iPhone.Build.0 = Release|iPhone
		{ECAA3373-314E-4A59-9754-F1AB1D57FF84}.Release|iPhone.Deploy.0 = Release|iPhone
		{ECAA3373-314E-4A59-9754-F1AB1D57FF84}.Release|iPhoneSimulator.ActiveCfg = Release|iPhoneSimulator
		{ECAA3373-314E-4A59-9754-F1AB1D57FF84}.Release|iPhoneSimulator.Build.0 = Release|iPhoneSimulator
		{ECAA3373-314E-4A59-9754-F1AB1D57FF84}.Release|iPhoneSimulator.Deploy.0 = Release|iPhoneSimulator
		{F970341D-E196-41B6-9529-D29C75125DF8}.Ad-Hoc|Any CPU.ActiveCfg = Debug|Any CPU
		{F970341D-E196-41B6-9529-D29C75125DF8}.Ad-Hoc|Any CPU.Build.0 = Debug|Any CPU
		{F970341D-E196-41B6-9529-D29C75125DF8}.Ad-Hoc|Any CPU.Deploy.0 = Debug|Any CPU
		{F970341D-E196-41B6-9529-D29C75125DF8}.Ad-Hoc|iPhone.ActiveCfg = Debug|Any CPU
		{F970341D-E196-41B6-9529-D29C75125DF8}.Ad-Hoc|iPhone.Build.0 = Debug|Any CPU
		{F970341D-E196-41B6-9529-D29C75125DF8}.Ad-Hoc|iPhone.Deploy.0 = Debug|Any CPU
		{F970341D-E196-41B6-9529-D29C75125DF8}.Ad-Hoc|iPhoneSimulator.ActiveCfg = Debug|Any CPU
		{F970341D-E196-41B6-9529-D29C75125DF8}.Ad-Hoc|iPhoneSimulator.Build.0 = Debug|Any CPU
		{F970341D-E196-41B6-9529-D29C75125DF8}.Ad-Hoc|iPhoneSimulator.Deploy.0 = Debug|Any CPU
		{F970341D-E196-41B6-9529-D29C75125DF8}.AppStore|Any CPU.ActiveCfg = Debug|Any CPU
		{F970341D-E196-41B6-9529-D29C75125DF8}.AppStore|Any CPU.Build.0 = Debug|Any CPU
		{F970341D-E196-41B6-9529-D29C75125DF8}.AppStore|Any CPU.Deploy.0 = Debug|Any CPU
		{F970341D-E196-41B6-9529-D29C75125DF8}.AppStore|iPhone.ActiveCfg = Debug|Any CPU
		{F970341D-E196-41B6-9529-D29C75125DF8}.AppStore|iPhone.Build.0 = Debug|Any CPU
		{F970341D-E196-41B6-9529-D29C75125DF8}.AppStore|iPhone.Deploy.0 = Debug|Any CPU
		{F970341D-E196-41B6-9529-D29C75125DF8}.AppStore|iPhoneSimulator.ActiveCfg = Debug|Any CPU
		{F970341D-E196-41B6-9529-D29C75125DF8}.AppStore|iPhoneSimulator.Build.0 = Debug|Any CPU
		{F970341D-E196-41B6-9529-D29C75125DF8}.AppStore|iPhoneSimulator.Deploy.0 = Debug|Any CPU
		{F970341D-E196-41B6-9529-D29C75125DF8}.Debug|Any CPU.ActiveCfg = Debug|Any CPU
		{F970341D-E196-41B6-9529-D29C75125DF8}.Debug|Any CPU.Build.0 = Debug|Any CPU
		{F970341D-E196-41B6-9529-D29C75125DF8}.Debug|Any CPU.Deploy.0 = Debug|Any CPU
		{F970341D-E196-41B6-9529-D29C75125DF8}.Debug|iPhone.ActiveCfg = Debug|Any CPU
		{F970341D-E196-41B6-9529-D29C75125DF8}.Debug|iPhone.Build.0 = Debug|Any CPU
		{F970341D-E196-41B6-9529-D29C75125DF8}.Debug|iPhone.Deploy.0 = Debug|Any CPU
		{F970341D-E196-41B6-9529-D29C75125DF8}.Debug|iPhoneSimulator.ActiveCfg = Debug|Any CPU
		{F970341D-E196-41B6-9529-D29C75125DF8}.Debug|iPhoneSimulator.Build.0 = Debug|Any CPU
		{F970341D-E196-41B6-9529-D29C75125DF8}.Debug|iPhoneSimulator.Deploy.0 = Debug|Any CPU
		{F970341D-E196-41B6-9529-D29C75125DF8}.Release|Any CPU.ActiveCfg = Release|Any CPU
		{F970341D-E196-41B6-9529-D29C75125DF8}.Release|Any CPU.Build.0 = Release|Any CPU
		{F970341D-E196-41B6-9529-D29C75125DF8}.Release|Any CPU.Deploy.0 = Release|Any CPU
		{F970341D-E196-41B6-9529-D29C75125DF8}.Release|iPhone.ActiveCfg = Release|Any CPU
		{F970341D-E196-41B6-9529-D29C75125DF8}.Release|iPhone.Build.0 = Release|Any CPU
		{F970341D-E196-41B6-9529-D29C75125DF8}.Release|iPhone.Deploy.0 = Release|Any CPU
		{F970341D-E196-41B6-9529-D29C75125DF8}.Release|iPhoneSimulator.ActiveCfg = Release|Any CPU
		{F970341D-E196-41B6-9529-D29C75125DF8}.Release|iPhoneSimulator.Build.0 = Release|Any CPU
		{F970341D-E196-41B6-9529-D29C75125DF8}.Release|iPhoneSimulator.Deploy.0 = Release|Any CPU
	EndGlobalSection
	GlobalSection(SolutionProperties) = preSolution
		HideSolutionNode = FALSE
	EndGlobalSection
	GlobalSection(ExtensibilityGlobals) = postSolution
		SolutionGuid = {4B1BF70B-EAFD-4492-B53E-F17B8758F11E}
	EndGlobalSection
EndGlobal
